github.com/baditaflorin/go-common v0.7.0 h1:qpvV2eOzd9CcrEA+0Phc/RDFyK6EKmF5hfVvvvdcm9c=
github.com/baditaflorin/go-common v0.7.0/go.mod h1:AKo21NUw+f4+uoFEqiCHBgoADWnMaRRUmSUu8pOCSVY=
golang.org/x/sync v0.10.0 h1:3NQrjDixjgGwUOCaF8w2+VYHv0Ve/vGYSbdkTa98gmQ=
golang.org/x/sync v0.10.0/go.mod h1:Czt+wKu1gCyEFDUtn0jG5QVvpJ6rzVqr5aXyt9drQfk=
golang.org/x/time v0.14.0 h1:MRx4UaLrDotUKUdCIqzPC48t1Y9hANFKIRpNx+Te8PI=
golang.org/x/time v0.14.0/go.mod h1:eL/Oa2bBBK0TkX57Fyni+NgnyQQN4LitPmob2Hjnqw4=
